
Microsoft Visual Studio Solution File, Format Version 12.00
# Visual Studio Version 17
VisualStudioVersion = 17.5.33414.496
MinimumVisualStudioVersion = 10.0.40219.1
Project("{FAE04EC0-301F-11D3-BF4B-00C04F79EFBC}") = "dmClient", "dmClient\dmClient.csproj", "{2857BB18-5CC5-44AF-B52C-81AA910BEBB5}"
EndProject
Project("{FAE04EC0-301F-11D3-BF4B-00C04F79EFBC}") = "dmServer", "dmServer\dmServer.csproj", "{B3387A92-A265-4B20-A1DF-74A3960DAEAA}"
EndProject
Global
	GlobalSection(SolutionConfigurationPlatforms) = preSolution
		Debug|Any CPU = Debug|Any CPU
		Release|Any CPU = Release|Any CPU
	EndGlobalSection
	GlobalSection(ProjectConfigurationPlatforms) = postSolution
		{2857BB18-5CC5-44AF-B52C-81AA910BEBB5}.Debug|Any CPU.ActiveCfg = Debug|Any CPU
		{2857BB18-5CC5-44AF-B52C-81AA910BEBB5}.Debug|Any CPU.Build.0 = Debug|Any CPU
		{2857BB18-5CC5-44AF-B52C-81AA910BEBB5}.Release|Any CPU.ActiveCfg = Release|Any CPU
		{2857BB18-5CC5-44AF-B52C-81AA910BEBB5}.Release|Any CPU.Build.0 = Release|Any CPU
		{B3387A92-A265-4B20-A1DF-74A3960DAEAA}.Debug|Any CPU.ActiveCfg = Debug|Any CPU
		{B3387A92-A265-4B20-A1DF-74A3960DAEAA}.Debug|Any CPU.Build.0 = Debug|Any CPU
		{B3387A92-A265-4B20-A1DF-74A3960DAEAA}.Release|Any CPU.ActiveCfg = Release|Any CPU
		{B3387A92-A265-4B20-A1DF-74A3960DAEAA}.Release|Any CPU.Build.0 = Release|Any CPU
	EndGlobalSection
	GlobalSection(SolutionProperties) = preSolution
		HideSolutionNode = FALSE
	EndGlobalSection
	GlobalSection(ExtensibilityGlobals) = postSolution
		SolutionGuid = {2597E4A7-89E0-4859-B204-F2C6352F885A}
	EndGlobalSection
EndGlobal
